
Microsoft Visual Studio Solution File, Format Version 12.00
# Visual Studio 14
VisualStudioVersion = 14.0.24720.0
MinimumVisualStudioVersion = 10.0.40219.1
Project("{FAE04EC0-301F-11D3-BF4B-00C04F79EFBC}") = "Driven.Validation", "src\Driven.Validation\Driven.Validation.csproj", "{BF82AA81-19CA-42B3-A41D-BA25B9EA3030}"
EndProject
Project("{FAE04EC0-301F-11D3-BF4B-00C04F79EFBC}") = "Driven.Validation.Test", "test\Driven.Validation.Test\Driven.Validation.Test.csproj", "{07979578-D8A0-4F55-B490-50AF618211CF}"
EndProject
Global
	GlobalSection(SolutionConfigurationPlatforms) = preSolution
		Debug|Any CPU = Debug|Any CPU
		Release|Any CPU = Release|Any CPU
	EndGlobalSection
	GlobalSection(ProjectConfigurationPlatforms) = postSolution
		{BF82AA81-19CA-42B3-A41D-BA25B9EA3030}.Debug|Any CPU.ActiveCfg = Debug|Any CPU
		{BF82AA81-19CA-42B3-A41D-BA25B9EA3030}.Debug|Any CPU.Build.0 = Debug|Any CPU
		{BF82AA81-19CA-42B3-A41D-BA25B9EA3030}.Release|Any CPU.ActiveCfg = Release|Any CPU
		{BF82AA81-19CA-42B3-A41D-BA25B9EA3030}.Release|Any CPU.Build.0 = Release|Any CPU
		{07979578-D8A0-4F55-B490-50AF618211CF}.Debug|Any CPU.ActiveCfg = Debug|Any CPU
		{07979578-D8A0-4F55-B490-50AF618211CF}.Debug|Any CPU.Build.0 = Debug|Any CPU
		{07979578-D8A0-4F55-B490-50AF618211CF}.Release|Any CPU.ActiveCfg = Release|Any CPU
		{07979578-D8A0-4F55-B490-50AF618211CF}.Release|Any CPU.Build.0 = Release|Any CPU
	EndGlobalSection
	GlobalSection(SolutionProperties) = preSolution
		HideSolutionNode = FALSE
	EndGlobalSection
EndGlobal
