
Microsoft Visual Studio Solution File, Format Version 12.00
# Visual Studio 14
VisualStudioVersion = 14.0.24720.0
MinimumVisualStudioVersion = 10.0.40219.1
Project("{FAE04EC0-301F-11D3-BF4B-00C04F79EFBC}") = "Driven.Validation", "src\Driven.Validation\Driven.Validation.csproj", "{BF82AA81-19CA-42B3-A41D-BA25B9EA3030}"
EndProject
Project("{FAE04EC0-301F-11D3-BF4B-00C04F79EFBC}") = "Driven.Validation.Test", "test\Driven.Validation.Test\Driven.Validation.Test.csproj", "{07979578-D8A0-4F55-B490-50AF618211CF}"
EndProject
Project("{2150E333-8FDC-42A3-9474-1A3956D46DE8}") = "Solution Items", "Solution Items", "{EE578694-2F71-4A83-B751-404DD54F2C43}"
	ProjectSection(SolutionItems) = preProject
		.gitattributes = .gitattributes
		.gitignore = .gitignore
		README.md = README.md
	EndProjectSection
EndProject
Project("{2150E333-8FDC-42A3-9474-1A3956D46DE8}") = "binaries", "binaries", "{BE9FD73D-2399-49F2-BFA7-DE18D5A64703}"
	ProjectSection(SolutionItems) = preProject
		binaries\README.md = binaries\README.md
	EndProjectSection
EndProject
Project("{2150E333-8FDC-42A3-9474-1A3956D46DE8}") = "build", "build", "{8553DA43-3896-4066-89BD-3AA974A2A07D}"
	ProjectSection(SolutionItems) = preProject
		build\README.md = build\README.md
	EndProjectSection
EndProject
Project("{2150E333-8FDC-42A3-9474-1A3956D46DE8}") = "docs", "docs", "{90A07E09-6352-447E-AB5D-A30550AA038D}"
	ProjectSection(SolutionItems) = preProject
		docs\README.md = docs\README.md
	EndProjectSection
EndProject
Project("{2150E333-8FDC-42A3-9474-1A3956D46DE8}") = "img", "img", "{6F880E32-695B-4BE2-A491-61C6E063AF4E}"
	ProjectSection(SolutionItems) = preProject
		img\Icon.jpg = img\Icon.jpg
		img\README.md = img\README.md
	EndProjectSection
EndProject
Project("{2150E333-8FDC-42A3-9474-1A3956D46DE8}") = "sample", "sample", "{2F3BCAC4-6683-4909-BA1F-37778452018F}"
	ProjectSection(SolutionItems) = preProject
		sample\README.md = sample\README.md
	EndProjectSection
EndProject
Project("{2150E333-8FDC-42A3-9474-1A3956D46DE8}") = "src", "src", "{F0A50B0F-6482-48D8-86D1-D20DE0B41A1B}"
	ProjectSection(SolutionItems) = preProject
		src\README.md = src\README.md
	EndProjectSection
EndProject
Project("{2150E333-8FDC-42A3-9474-1A3956D46DE8}") = "test", "test", "{CBAE8C0A-BCAE-4F99-8297-11FAD37CE1E8}"
	ProjectSection(SolutionItems) = preProject
		test\README.md = test\README.md
	EndProjectSection
EndProject
Global
	GlobalSection(SolutionConfigurationPlatforms) = preSolution
		Debug|Any CPU = Debug|Any CPU
		Release|Any CPU = Release|Any CPU
	EndGlobalSection
	GlobalSection(ProjectConfigurationPlatforms) = postSolution
		{BF82AA81-19CA-42B3-A41D-BA25B9EA3030}.Debug|Any CPU.ActiveCfg = Debug|Any CPU
		{BF82AA81-19CA-42B3-A41D-BA25B9EA3030}.Debug|Any CPU.Build.0 = Debug|Any CPU
		{BF82AA81-19CA-42B3-A41D-BA25B9EA3030}.Release|Any CPU.ActiveCfg = Release|Any CPU
		{BF82AA81-19CA-42B3-A41D-BA25B9EA3030}.Release|Any CPU.Build.0 = Release|Any CPU
		{07979578-D8A0-4F55-B490-50AF618211CF}.Debug|Any CPU.ActiveCfg = Debug|Any CPU
		{07979578-D8A0-4F55-B490-50AF618211CF}.Debug|Any CPU.Build.0 = Debug|Any CPU
		{07979578-D8A0-4F55-B490-50AF618211CF}.Release|Any CPU.ActiveCfg = Release|Any CPU
		{07979578-D8A0-4F55-B490-50AF618211CF}.Release|Any CPU.Build.0 = Release|Any CPU
	EndGlobalSection
	GlobalSection(SolutionProperties) = preSolution
		HideSolutionNode = FALSE
	EndGlobalSection
EndGlobal
